
Microsoft Visual Studio Solution File, Format Version 12.00
# Visual Studio Version 16
VisualStudioVersion = 16.0.30804.86
MinimumVisualStudioVersion = 10.0.40219.1
Project("{FAE04EC0-301F-11D3-BF4B-00C04F79EFBC}") = "Goods_Catalog", "Goods_Catalog\Goods_Catalog.csproj", "{49E5DB7B-F172-46F2-B3CF-423CBDD0368B}"
EndProject
Project("{2150E333-8FDC-42A3-9474-1A3956D46DE8}") = "Solution Items", "Solution Items", "{428FD94E-2271-4CF8-BBFA-B92B89E3D15B}"
	ProjectSection(SolutionItems) = preProject
		.gitignore = .gitignore
	EndProjectSection
EndProject
Global
	GlobalSection(SolutionConfigurationPlatforms) = preSolution
		Debug|Any CPU = Debug|Any CPU
		Release|Any CPU = Release|Any CPU
	EndGlobalSection
	GlobalSection(ProjectConfigurationPlatforms) = postSolution
		{49E5DB7B-F172-46F2-B3CF-423CBDD0368B}.Debug|Any CPU.ActiveCfg = Debug|Any CPU
		{49E5DB7B-F172-46F2-B3CF-423CBDD0368B}.Debug|Any CPU.Build.0 = Debug|Any CPU
		{49E5DB7B-F172-46F2-B3CF-423CBDD0368B}.Release|Any CPU.ActiveCfg = Release|Any CPU
		{49E5DB7B-F172-46F2-B3CF-423CBDD0368B}.Release|Any CPU.Build.0 = Release|Any CPU
	EndGlobalSection
	GlobalSection(SolutionProperties) = preSolution
		HideSolutionNode = FALSE
	EndGlobalSection
	GlobalSection(ExtensibilityGlobals) = postSolution
		SolutionGuid = {C7D259E8-605A-412E-BDA7-6DA720F49C87}
	EndGlobalSection
EndGlobal
